// !$*UTF8*$!
{
	archiveVersion = 1;
	classes = {
	};
	objectVersion = 50;
	objects = {

/* Begin PBXBuildFile section */
		F8C9BD9E228E333F004EB786 /* UIColor+Exts.swift in Sources */ = {isa = PBXBuildFile; fileRef = F8C9BD9D228E333F004EB786 /* UIColor+Exts.swift */; };
		F8C9BDA0228E3E6A004EB786 /* MovieDetailViewController.swift in Sources */ = {isa = PBXBuildFile; fileRef = F8C9BD9F228E3E6A004EB786 /* MovieDetailViewController.swift */; };
		F8D68870228E6D4500692216 /* Segue.swift in Sources */ = {isa = PBXBuildFile; fileRef = F8D6886F228E6D4500692216 /* Segue.swift */; };
		F8E8FAE1228F86E900CDF3FB /* Artist.swift in Sources */ = {isa = PBXBuildFile; fileRef = F8E8FAE0228F86E900CDF3FB /* Artist.swift */; };
		F8E8FAE5228FD94C00CDF3FB /* LandscapeViewControllerPlayer.swift in Sources */ = {isa = PBXBuildFile; fileRef = F8E8FAE4228FD94C00CDF3FB /* LandscapeViewControllerPlayer.swift */; };
		F8EA7BD7228CCB320008C0C7 /* AppDelegate.swift in Sources */ = {isa = PBXBuildFile; fileRef = F8EA7BD6228CCB320008C0C7 /* AppDelegate.swift */; };
		F8EA7BD9228CCB320008C0C7 /* MovieListViewController.swift in Sources */ = {isa = PBXBuildFile; fileRef = F8EA7BD8228CCB320008C0C7 /* MovieListViewController.swift */; };
		F8EA7BDC228CCB320008C0C7 /* Main.storyboard in Resources */ = {isa = PBXBuildFile; fileRef = F8EA7BDA228CCB320008C0C7 /* Main.storyboard */; };
		F8EA7BDE228CCB320008C0C7 /* Assets.xcassets in Resources */ = {isa = PBXBuildFile; fileRef = F8EA7BDD228CCB320008C0C7 /* Assets.xcassets */; };
		F8EA7BE1228CCB320008C0C7 /* LaunchScreen.storyboard in Resources */ = {isa = PBXBuildFile; fileRef = F8EA7BDF228CCB320008C0C7 /* LaunchScreen.storyboard */; };
		F8EA7BEC228CCB320008C0C7 /* MediaSamplerTests.swift in Sources */ = {isa = PBXBuildFile; fileRef = F8EA7BEB228CCB320008C0C7 /* MediaSamplerTests.swift */; };
		F8EA7C00228CCED60008C0C7 /* MovieManager.swift in Sources */ = {isa = PBXBuildFile; fileRef = F8EA7BFF228CCED60008C0C7 /* MovieManager.swift */; };
		F8EA7C02228CDA520008C0C7 /* Movie.swift in Sources */ = {isa = PBXBuildFile; fileRef = F8EA7C01228CDA520008C0C7 /* Movie.swift */; };
		F8EA7C05228CEC700008C0C7 /* Environment.swift in Sources */ = {isa = PBXBuildFile; fileRef = F8EA7C04228CEC700008C0C7 /* Environment.swift */; };
		F8EA7C08228CEFF50008C0C7 /* Utilities.swift in Sources */ = {isa = PBXBuildFile; fileRef = F8EA7C07228CEFF50008C0C7 /* Utilities.swift */; };
		F8EA7C0D228D14480008C0C7 /* UI-Utilities.swift in Sources */ = {isa = PBXBuildFile; fileRef = F8EA7C0C228D14480008C0C7 /* UI-Utilities.swift */; };
		F8EA7C0F228D17DF0008C0C7 /* MovieCell.swift in Sources */ = {isa = PBXBuildFile; fileRef = F8EA7C0E228D17DF0008C0C7 /* MovieCell.swift */; };
		F8EA7C13228D1CA10008C0C7 /* UIImageView+Exts.swift in Sources */ = {isa = PBXBuildFile; fileRef = F8EA7C12228D1CA10008C0C7 /* UIImageView+Exts.swift */; };
		F8EA7C15228D23390008C0C7 /* UIView+Exts.swift in Sources */ = {isa = PBXBuildFile; fileRef = F8EA7C14228D23390008C0C7 /* UIView+Exts.swift */; };
/* End PBXBuildFile section */

/* Begin PBXContainerItemProxy section */
		F8EA7BE8228CCB320008C0C7 /* PBXContainerItemProxy */ = {
			isa = PBXContainerItemProxy;
			containerPortal = F8EA7BCB228CCB320008C0C7 /* Project object */;
			proxyType = 1;
			remoteGlobalIDString = F8EA7BD2228CCB320008C0C7;
			remoteInfo = MediaSampler;
		};
/* End PBXContainerItemProxy section */

/* Begin PBXFileReference section */
		F8C9BD9D228E333F004EB786 /* UIColor+Exts.swift */ = {isa = PBXFileReference; lastKnownFileType = sourcecode.swift; path = "UIColor+Exts.swift"; sourceTree = "<group>"; };
		F8C9BD9F228E3E6A004EB786 /* MovieDetailViewController.swift */ = {isa = PBXFileReference; lastKnownFileType = sourcecode.swift; path = MovieDetailViewController.swift; sourceTree = "<group>"; };
		F8D6886F228E6D4500692216 /* Segue.swift */ = {isa = PBXFileReference; lastKnownFileType = sourcecode.swift; path = Segue.swift; sourceTree = "<group>"; };
		F8E8FAE0228F86E900CDF3FB /* Artist.swift */ = {isa = PBXFileReference; lastKnownFileType = sourcecode.swift; path = Artist.swift; sourceTree = "<group>"; };
		F8E8FAE4228FD94C00CDF3FB /* LandscapeViewControllerPlayer.swift */ = {isa = PBXFileReference; lastKnownFileType = sourcecode.swift; path = LandscapeViewControllerPlayer.swift; sourceTree = "<group>"; };
		F8EA7BD3228CCB320008C0C7 /* MediaSampler.app */ = {isa = PBXFileReference; explicitFileType = wrapper.application; includeInIndex = 0; path = MediaSampler.app; sourceTree = BUILT_PRODUCTS_DIR; };
		F8EA7BD6228CCB320008C0C7 /* AppDelegate.swift */ = {isa = PBXFileReference; lastKnownFileType = sourcecode.swift; path = AppDelegate.swift; sourceTree = "<group>"; };
		F8EA7BD8228CCB320008C0C7 /* MovieListViewController.swift */ = {isa = PBXFileReference; lastKnownFileType = sourcecode.swift; path = MovieListViewController.swift; sourceTree = "<group>"; };
		F8EA7BDB228CCB320008C0C7 /* Base */ = {isa = PBXFileReference; lastKnownFileType = file.storyboard; name = Base; path = Base.lproj/Main.storyboard; sourceTree = "<group>"; };
		F8EA7BDD228CCB320008C0C7 /* Assets.xcassets */ = {isa = PBXFileReference; lastKnownFileType = folder.assetcatalog; path = Assets.xcassets; sourceTree = "<group>"; };
		F8EA7BE0228CCB320008C0C7 /* Base */ = {isa = PBXFileReference; lastKnownFileType = file.storyboard; name = Base; path = Base.lproj/LaunchScreen.storyboard; sourceTree = "<group>"; };
		F8EA7BE2228CCB320008C0C7 /* Info.plist */ = {isa = PBXFileReference; lastKnownFileType = text.plist.xml; path = Info.plist; sourceTree = "<group>"; };
		F8EA7BE7228CCB320008C0C7 /* MediaSamplerTests.xctest */ = {isa = PBXFileReference; explicitFileType = wrapper.cfbundle; includeInIndex = 0; path = MediaSamplerTests.xctest; sourceTree = BUILT_PRODUCTS_DIR; };
		F8EA7BEB228CCB320008C0C7 /* MediaSamplerTests.swift */ = {isa = PBXFileReference; lastKnownFileType = sourcecode.swift; path = MediaSamplerTests.swift; sourceTree = "<group>"; };
		F8EA7BED228CCB320008C0C7 /* Info.plist */ = {isa = PBXFileReference; lastKnownFileType = text.plist.xml; path = Info.plist; sourceTree = "<group>"; };
		F8EA7BFF228CCED60008C0C7 /* MovieManager.swift */ = {isa = PBXFileReference; lastKnownFileType = sourcecode.swift; path = MovieManager.swift; sourceTree = "<group>"; };
		F8EA7C01228CDA520008C0C7 /* Movie.swift */ = {isa = PBXFileReference; lastKnownFileType = sourcecode.swift; path = Movie.swift; sourceTree = "<group>"; };
		F8EA7C04228CEC700008C0C7 /* Environment.swift */ = {isa = PBXFileReference; lastKnownFileType = sourcecode.swift; path = Environment.swift; sourceTree = "<group>"; };
		F8EA7C07228CEFF50008C0C7 /* Utilities.swift */ = {isa = PBXFileReference; lastKnownFileType = sourcecode.swift; path = Utilities.swift; sourceTree = "<group>"; };
		F8EA7C0C228D14480008C0C7 /* UI-Utilities.swift */ = {isa = PBXFileReference; lastKnownFileType = sourcecode.swift; path = "UI-Utilities.swift"; sourceTree = "<group>"; };
		F8EA7C0E228D17DF0008C0C7 /* MovieCell.swift */ = {isa = PBXFileReference; lastKnownFileType = sourcecode.swift; path = MovieCell.swift; sourceTree = "<group>"; };
		F8EA7C12228D1CA10008C0C7 /* UIImageView+Exts.swift */ = {isa = PBXFileReference; lastKnownFileType = sourcecode.swift; path = "UIImageView+Exts.swift"; sourceTree = "<group>"; };
		F8EA7C14228D23390008C0C7 /* UIView+Exts.swift */ = {isa = PBXFileReference; lastKnownFileType = sourcecode.swift; path = "UIView+Exts.swift"; sourceTree = "<group>"; };
/* End PBXFileReference section */

/* Begin PBXFrameworksBuildPhase section */
		F8EA7BD0228CCB320008C0C7 /* Frameworks */ = {
			isa = PBXFrameworksBuildPhase;
			buildActionMask = 2147483647;
			files = (
			);
			runOnlyForDeploymentPostprocessing = 0;
		};
		F8EA7BE4228CCB320008C0C7 /* Frameworks */ = {
			isa = PBXFrameworksBuildPhase;
			buildActionMask = 2147483647;
			files = (
			);
			runOnlyForDeploymentPostprocessing = 0;
		};
/* End PBXFrameworksBuildPhase section */

/* Begin PBXGroup section */
		F8EA7BCA228CCB320008C0C7 = {
			isa = PBXGroup;
			children = (
				F8EA7BD5228CCB320008C0C7 /* MediaSampler */,
				F8EA7BEA228CCB320008C0C7 /* MediaSamplerTests */,
				F8EA7BD4228CCB320008C0C7 /* Products */,
			);
			sourceTree = "<group>";
		};
		F8EA7BD4228CCB320008C0C7 /* Products */ = {
			isa = PBXGroup;
			children = (
				F8EA7BD3228CCB320008C0C7 /* MediaSampler.app */,
				F8EA7BE7228CCB320008C0C7 /* MediaSamplerTests.xctest */,
			);
			name = Products;
			sourceTree = "<group>";
		};
		F8EA7BD5228CCB320008C0C7 /* MediaSampler */ = {
			isa = PBXGroup;
			children = (
				F8EA7BE2228CCB320008C0C7 /* Info.plist */,
				F8EA7BFD228CCEAE0008C0C7 /* Shared */,
				F8EA7BFA228CCE2B0008C0C7 /* Views */,
				F8EA7BF9228CCDD90008C0C7 /* UI */,
				F8EA7BF8228CCDAA0008C0C7 /* Resources */,
				F8EA7BF7228CCD0F0008C0C7 /* Models */,
				F8EA7BF6228CCD020008C0C7 /* Controllers */,
			);
			path = MediaSampler;
			sourceTree = "<group>";
		};
		F8EA7BEA228CCB320008C0C7 /* MediaSamplerTests */ = {
			isa = PBXGroup;
			children = (
				F8EA7BEB228CCB320008C0C7 /* MediaSamplerTests.swift */,
				F8EA7BED228CCB320008C0C7 /* Info.plist */,
			);
			path = MediaSamplerTests;
			sourceTree = "<group>";
		};
		F8EA7BF6228CCD020008C0C7 /* Controllers */ = {
			isa = PBXGroup;
			children = (
				F8EA7BFB228CCE420008C0C7 /* Movie Controllers */,
			);
			path = Controllers;
			sourceTree = "<group>";
		};
		F8EA7BF7228CCD0F0008C0C7 /* Models */ = {
			isa = PBXGroup;
			children = (
				F8EA7C01228CDA520008C0C7 /* Movie.swift */,
				F8E8FAE0228F86E900CDF3FB /* Artist.swift */,
			);
			path = Models;
			sourceTree = "<group>";
		};
		F8EA7BF8228CCDAA0008C0C7 /* Resources */ = {
			isa = PBXGroup;
			children = (
				F8EA7BDD228CCB320008C0C7 /* Assets.xcassets */,
				F8EA7BD6228CCB320008C0C7 /* AppDelegate.swift */,
			);
			path = Resources;
			sourceTree = "<group>";
		};
		F8EA7BF9228CCDD90008C0C7 /* UI */ = {
			isa = PBXGroup;
			children = (
				F8EA7BDF228CCB320008C0C7 /* LaunchScreen.storyboard */,
				F8EA7BDA228CCB320008C0C7 /* Main.storyboard */,
			);
			name = UI;
			sourceTree = "<group>";
		};
		F8EA7BFA228CCE2B0008C0C7 /* Views */ = {
			isa = PBXGroup;
			children = (
				F8EA7BFC228CCE5C0008C0C7 /* Collection View Cells */,
			);
			path = Views;
			sourceTree = "<group>";
		};
		F8EA7BFB228CCE420008C0C7 /* Movie Controllers */ = {
			isa = PBXGroup;
			children = (
				F8EA7BD8228CCB320008C0C7 /* MovieListViewController.swift */,
				F8C9BD9F228E3E6A004EB786 /* MovieDetailViewController.swift */,
				F8E8FAE4228FD94C00CDF3FB /* LandscapeViewControllerPlayer.swift */,
			);
			path = "Movie Controllers";
			sourceTree = "<group>";
		};
		F8EA7BFC228CCE5C0008C0C7 /* Collection View Cells */ = {
			isa = PBXGroup;
			children = (
				F8EA7C0E228D17DF0008C0C7 /* MovieCell.swift */,
			);
			path = "Collection View Cells";
			sourceTree = "<group>";
		};
		F8EA7BFD228CCEAE0008C0C7 /* Shared */ = {
			isa = PBXGroup;
			children = (
				F8EA7C10228D1C760008C0C7 /* Extensions */,
				F8EA7C09228D00EC0008C0C7 /* Protocols */,
				F8EA7C06228CEFE30008C0C7 /* Helpers */,
				F8EA7C03228CEC5D0008C0C7 /* Constants */,
				F8EA7BFE228CCEB50008C0C7 /* Managers */,
			);
			path = Shared;
			sourceTree = "<group>";
		};
		F8EA7BFE228CCEB50008C0C7 /* Managers */ = {
			isa = PBXGroup;
			children = (
				F8EA7BFF228CCED60008C0C7 /* MovieManager.swift */,
			);
			path = Managers;
			sourceTree = "<group>";
		};
		F8EA7C03228CEC5D0008C0C7 /* Constants */ = {
			isa = PBXGroup;
			children = (
				F8EA7C04228CEC700008C0C7 /* Environment.swift */,
				F8D6886F228E6D4500692216 /* Segue.swift */,
			);
			path = Constants;
			sourceTree = "<group>";
		};
		F8EA7C06228CEFE30008C0C7 /* Helpers */ = {
			isa = PBXGroup;
			children = (
				F8EA7C07228CEFF50008C0C7 /* Utilities.swift */,
				F8EA7C0C228D14480008C0C7 /* UI-Utilities.swift */,
			);
			path = Helpers;
			sourceTree = "<group>";
		};
		F8EA7C09228D00EC0008C0C7 /* Protocols */ = {
			isa = PBXGroup;
			children = (
			);
			path = Protocols;
			sourceTree = "<group>";
		};
		F8EA7C10228D1C760008C0C7 /* Extensions */ = {
			isa = PBXGroup;
			children = (
				F8EA7C11228D1C8C0008C0C7 /* Cocoa Extensions */,
			);
			path = Extensions;
			sourceTree = "<group>";
		};
		F8EA7C11228D1C8C0008C0C7 /* Cocoa Extensions */ = {
			isa = PBXGroup;
			children = (
				F8EA7C12228D1CA10008C0C7 /* UIImageView+Exts.swift */,
				F8EA7C14228D23390008C0C7 /* UIView+Exts.swift */,
				F8C9BD9D228E333F004EB786 /* UIColor+Exts.swift */,
			);
			path = "Cocoa Extensions";
			sourceTree = "<group>";
		};
/* End PBXGroup section */

/* Begin PBXNativeTarget section */
		F8EA7BD2228CCB320008C0C7 /* MediaSampler */ = {
			isa = PBXNativeTarget;
			buildConfigurationList = F8EA7BF0228CCB320008C0C7 /* Build configuration list for PBXNativeTarget "MediaSampler" */;
			buildPhases = (
				F8EA7BCF228CCB320008C0C7 /* Sources */,
				F8EA7BD0228CCB320008C0C7 /* Frameworks */,
				F8EA7BD1228CCB320008C0C7 /* Resources */,
			);
			buildRules = (
			);
			dependencies = (
			);
			name = MediaSampler;
			productName = MediaSampler;
			productReference = F8EA7BD3228CCB320008C0C7 /* MediaSampler.app */;
			productType = "com.apple.product-type.application";
		};
		F8EA7BE6228CCB320008C0C7 /* MediaSamplerTests */ = {
			isa = PBXNativeTarget;
			buildConfigurationList = F8EA7BF3228CCB320008C0C7 /* Build configuration list for PBXNativeTarget "MediaSamplerTests" */;
			buildPhases = (
				F8EA7BE3228CCB320008C0C7 /* Sources */,
				F8EA7BE4228CCB320008C0C7 /* Frameworks */,
				F8EA7BE5228CCB320008C0C7 /* Resources */,
			);
			buildRules = (
			);
			dependencies = (
				F8EA7BE9228CCB320008C0C7 /* PBXTargetDependency */,
			);
			name = MediaSamplerTests;
			productName = MediaSamplerTests;
			productReference = F8EA7BE7228CCB320008C0C7 /* MediaSamplerTests.xctest */;
			productType = "com.apple.product-type.bundle.unit-test";
		};
/* End PBXNativeTarget section */

/* Begin PBXProject section */
		F8EA7BCB228CCB320008C0C7 /* Project object */ = {
			isa = PBXProject;
			attributes = {
				LastSwiftUpdateCheck = 1020;
				LastUpgradeCheck = 1020;
				ORGANIZATIONNAME = MDennis;
				TargetAttributes = {
					F8EA7BD2228CCB320008C0C7 = {
						CreatedOnToolsVersion = 10.2.1;
					};
					F8EA7BE6228CCB320008C0C7 = {
						CreatedOnToolsVersion = 10.2.1;
						TestTargetID = F8EA7BD2228CCB320008C0C7;
					};
				};
			};
			buildConfigurationList = F8EA7BCE228CCB320008C0C7 /* Build configuration list for PBXProject "MediaSampler" */;
			compatibilityVersion = "Xcode 9.3";
			developmentRegion = en;
			hasScannedForEncodings = 0;
			knownRegions = (
				en,
				Base,
			);
			mainGroup = F8EA7BCA228CCB320008C0C7;
			productRefGroup = F8EA7BD4228CCB320008C0C7 /* Products */;
			projectDirPath = "";
			projectRoot = "";
			targets = (
				F8EA7BD2228CCB320008C0C7 /* MediaSampler */,
				F8EA7BE6228CCB320008C0C7 /* MediaSamplerTests */,
			);
		};
/* End PBXProject section */

/* Begin PBXResourcesBuildPhase section */
		F8EA7BD1228CCB320008C0C7 /* Resources */ = {
			isa = PBXResourcesBuildPhase;
			buildActionMask = 2147483647;
			files = (
				F8EA7BE1228CCB320008C0C7 /* LaunchScreen.storyboard in Resources */,
				F8EA7BDE228CCB320008C0C7 /* Assets.xcassets in Resources */,
				F8EA7BDC228CCB320008C0C7 /* Main.storyboard in Resources */,
			);
			runOnlyForDeploymentPostprocessing = 0;
		};
		F8EA7BE5228CCB320008C0C7 /* Resources */ = {
			isa = PBXResourcesBuildPhase;
			buildActionMask = 2147483647;
			files = (
			);
			runOnlyForDeploymentPostprocessing = 0;
		};
/* End PBXResourcesBuildPhase section */

/* Begin PBXSourcesBuildPhase section */
		F8EA7BCF228CCB320008C0C7 /* Sources */ = {
			isa = PBXSourcesBuildPhase;
			buildActionMask = 2147483647;
			files = (
				F8C9BD9E228E333F004EB786 /* UIColor+Exts.swift in Sources */,
				F8EA7C08228CEFF50008C0C7 /* Utilities.swift in Sources */,
				F8E8FAE5228FD94C00CDF3FB /* LandscapeViewControllerPlayer.swift in Sources */,
				F8EA7C0D228D14480008C0C7 /* UI-Utilities.swift in Sources */,
				F8EA7C15228D23390008C0C7 /* UIView+Exts.swift in Sources */,
				F8D68870228E6D4500692216 /* Segue.swift in Sources */,
				F8C9BDA0228E3E6A004EB786 /* MovieDetailViewController.swift in Sources */,
				F8E8FAE1228F86E900CDF3FB /* Artist.swift in Sources */,
				F8EA7C13228D1CA10008C0C7 /* UIImageView+Exts.swift in Sources */,
				F8EA7C0F228D17DF0008C0C7 /* MovieCell.swift in Sources */,
				F8EA7BD9228CCB320008C0C7 /* MovieListViewController.swift in Sources */,
				F8EA7C02228CDA520008C0C7 /* Movie.swift in Sources */,
				F8EA7BD7228CCB320008C0C7 /* AppDelegate.swift in Sources */,
				F8EA7C00228CCED60008C0C7 /* MovieManager.swift in Sources */,
				F8EA7C05228CEC700008C0C7 /* Environment.swift in Sources */,
			);
			runOnlyForDeploymentPostprocessing = 0;
		};
		F8EA7BE3228CCB320008C0C7 /* Sources */ = {
			isa = PBXSourcesBuildPhase;
			buildActionMask = 2147483647;
			files = (
				F8EA7BEC228CCB320008C0C7 /* MediaSamplerTests.swift in Sources */,
			);
			runOnlyForDeploymentPostprocessing = 0;
		};
/* End PBXSourcesBuildPhase section */

/* Begin PBXTargetDependency section */
		F8EA7BE9228CCB320008C0C7 /* PBXTargetDependency */ = {
			isa = PBXTargetDependency;
			target = F8EA7BD2228CCB320008C0C7 /* MediaSampler */;
			targetProxy = F8EA7BE8228CCB320008C0C7 /* PBXContainerItemProxy */;
		};
/* End PBXTargetDependency section */

/* Begin PBXVariantGroup section */
		F8EA7BDA228CCB320008C0C7 /* Main.storyboard */ = {
			isa = PBXVariantGroup;
			children = (
				F8EA7BDB228CCB320008C0C7 /* Base */,
			);
			name = Main.storyboard;
			sourceTree = "<group>";
		};
		F8EA7BDF228CCB320008C0C7 /* LaunchScreen.storyboard */ = {
			isa = PBXVariantGroup;
			children = (
				F8EA7BE0228CCB320008C0C7 /* Base */,
			);
			name = LaunchScreen.storyboard;
			sourceTree = "<group>";
		};
/* End PBXVariantGroup section */

/* Begin XCBuildConfiguration section */
		F8EA7BEE228CCB320008C0C7 /* Debug */ = {
			isa = XCBuildConfiguration;
			buildSettings = {
				ALWAYS_SEARCH_USER_PATHS = NO;
				CLANG_ANALYZER_NONNULL = YES;
				CLANG_ANALYZER_NUMBER_OBJECT_CONVERSION = YES_AGGRESSIVE;
				CLANG_CXX_LANGUAGE_STANDARD = "gnu++14";
				CLANG_CXX_LIBRARY = "libc++";
				CLANG_ENABLE_MODULES = YES;
				CLANG_ENABLE_OBJC_ARC = YES;
				CLANG_ENABLE_OBJC_WEAK = YES;
				CLANG_WARN_BLOCK_CAPTURE_AUTORELEASING = YES;
				CLANG_WARN_BOOL_CONVERSION = YES;
				CLANG_WARN_COMMA = YES;
				CLANG_WARN_CONSTANT_CONVERSION = YES;
				CLANG_WARN_DEPRECATED_OBJC_IMPLEMENTATIONS = YES;
				CLANG_WARN_DIRECT_OBJC_ISA_USAGE = YES_ERROR;
				CLANG_WARN_DOCUMENTATION_COMMENTS = YES;
				CLANG_WARN_EMPTY_BODY = YES;
				CLANG_WARN_ENUM_CONVERSION = YES;
				CLANG_WARN_INFINITE_RECURSION = YES;
				CLANG_WARN_INT_CONVERSION = YES;
				CLANG_WARN_NON_LITERAL_NULL_CONVERSION = YES;
				CLANG_WARN_OBJC_IMPLICIT_RETAIN_SELF = YES;
				CLANG_WARN_OBJC_LITERAL_CONVERSION = YES;
				CLANG_WARN_OBJC_ROOT_CLASS = YES_ERROR;
				CLANG_WARN_RANGE_LOOP_ANALYSIS = YES;
				CLANG_WARN_STRICT_PROTOTYPES = YES;
				CLANG_WARN_SUSPICIOUS_MOVE = YES;
				CLANG_WARN_UNGUARDED_AVAILABILITY = YES_AGGRESSIVE;
				CLANG_WARN_UNREACHABLE_CODE = YES;
				CLANG_WARN__DUPLICATE_METHOD_MATCH = YES;
				CODE_SIGN_IDENTITY = "iPhone Developer";
				COPY_PHASE_STRIP = NO;
				DEBUG_INFORMATION_FORMAT = dwarf;
				ENABLE_STRICT_OBJC_MSGSEND = YES;
				ENABLE_TESTABILITY = YES;
				GCC_C_LANGUAGE_STANDARD = gnu11;
				GCC_DYNAMIC_NO_PIC = NO;
				GCC_NO_COMMON_BLOCKS = YES;
				GCC_OPTIMIZATION_LEVEL = 0;
				GCC_PREPROCESSOR_DEFINITIONS = (
					"DEBUG=1",
					"$(inherited)",
				);
				GCC_WARN_64_TO_32_BIT_CONVERSION = YES;
				GCC_WARN_ABOUT_RETURN_TYPE = YES_ERROR;
				GCC_WARN_UNDECLARED_SELECTOR = YES;
				GCC_WARN_UNINITIALIZED_AUTOS = YES_AGGRESSIVE;
				GCC_WARN_UNUSED_FUNCTION = YES;
				GCC_WARN_UNUSED_VARIABLE = YES;
				IPHONEOS_DEPLOYMENT_TARGET = 12.2;
				MTL_ENABLE_DEBUG_INFO = INCLUDE_SOURCE;
				MTL_FAST_MATH = YES;
				ONLY_ACTIVE_ARCH = YES;
				SDKROOT = iphoneos;
				SWIFT_ACTIVE_COMPILATION_CONDITIONS = DEBUG;
				SWIFT_OPTIMIZATION_LEVEL = "-Onone";
			};
			name = Debug;
		};
		F8EA7BEF228CCB320008C0C7 /* Release */ = {
			isa = XCBuildConfiguration;
			buildSettings = {
				ALWAYS_SEARCH_USER_PATHS = NO;
				CLANG_ANALYZER_NONNULL = YES;
				CLANG_ANALYZER_NUMBER_OBJECT_CONVERSION = YES_AGGRESSIVE;
				CLANG_CXX_LANGUAGE_STANDARD = "gnu++14";
				CLANG_CXX_LIBRARY = "libc++";
				CLANG_ENABLE_MODULES = YES;
				CLANG_ENABLE_OBJC_ARC = YES;
				CLANG_ENABLE_OBJC_WEAK = YES;
				CLANG_WARN_BLOCK_CAPTURE_AUTORELEASING = YES;
				CLANG_WARN_BOOL_CONVERSION = YES;
				CLANG_WARN_COMMA = YES;
				CLANG_WARN_CONSTANT_CONVERSION = YES;
				CLANG_WARN_DEPRECATED_OBJC_IMPLEMENTATIONS = YES;
				CLANG_WARN_DIRECT_OBJC_ISA_USAGE = YES_ERROR;
				CLANG_WARN_DOCUMENTATION_COMMENTS = YES;
				CLANG_WARN_EMPTY_BODY = YES;
				CLANG_WARN_ENUM_CONVERSION = YES;
				CLANG_WARN_INFINITE_RECURSION = YES;
				CLANG_WARN_INT_CONVERSION = YES;
				CLANG_WARN_NON_LITERAL_NULL_CONVERSION = YES;
				CLANG_WARN_OBJC_IMPLICIT_RETAIN_SELF = YES;
				CLANG_WARN_OBJC_LITERAL_CONVERSION = YES;
				CLANG_WARN_OBJC_ROOT_CLASS = YES_ERROR;
				CLANG_WARN_RANGE_LOOP_ANALYSIS = YES;
				CLANG_WARN_STRICT_PROTOTYPES = YES;
				CLANG_WARN_SUSPICIOUS_MOVE = YES;
				CLANG_WARN_UNGUARDED_AVAILABILITY = YES_AGGRESSIVE;
				CLANG_WARN_UNREACHABLE_CODE = YES;
				CLANG_WARN__DUPLICATE_METHOD_MATCH = YES;
				CODE_SIGN_IDENTITY = "iPhone Developer";
				COPY_PHASE_STRIP = NO;
				DEBUG_INFORMATION_FORMAT = "dwarf-with-dsym";
				ENABLE_NS_ASSERTIONS = NO;
				ENABLE_STRICT_OBJC_MSGSEND = YES;
				GCC_C_LANGUAGE_STANDARD = gnu11;
				GCC_NO_COMMON_BLOCKS = YES;
				GCC_WARN_64_TO_32_BIT_CONVERSION = YES;
				GCC_WARN_ABOUT_RETURN_TYPE = YES_ERROR;
				GCC_WARN_UNDECLARED_SELECTOR = YES;
				GCC_WARN_UNINITIALIZED_AUTOS = YES_AGGRESSIVE;
				GCC_WARN_UNUSED_FUNCTION = YES;
				GCC_WARN_UNUSED_VARIABLE = YES;
				IPHONEOS_DEPLOYMENT_TARGET = 12.2;
				MTL_ENABLE_DEBUG_INFO = NO;
				MTL_FAST_MATH = YES;
				SDKROOT = iphoneos;
				SWIFT_COMPILATION_MODE = wholemodule;
				SWIFT_OPTIMIZATION_LEVEL = "-O";
				VALIDATE_PRODUCT = YES;
			};
			name = Release;
		};
		F8EA7BF1228CCB320008C0C7 /* Debug */ = {
			isa = XCBuildConfiguration;
			buildSettings = {
				ASSETCATALOG_COMPILER_APPICON_NAME = AppIcon;
				CODE_SIGN_STYLE = Automatic;
				DEVELOPMENT_TEAM = C57X8273FC;
				INFOPLIST_FILE = MediaSampler/Info.plist;
				LD_RUNPATH_SEARCH_PATHS = (
					"$(inherited)",
					"@executable_path/Frameworks",
				);
				PRODUCT_BUNDLE_IDENTIFIER = com.mdennis.MediaSampler;
				PRODUCT_NAME = "$(TARGET_NAME)";
				SWIFT_VERSION = 5.0;
				TARGETED_DEVICE_FAMILY = "1,2";
			};
			name = Debug;
		};
		F8EA7BF2228CCB320008C0C7 /* Release */ = {
			isa = XCBuildConfiguration;
			buildSettings = {
				ASSETCATALOG_COMPILER_APPICON_NAME = AppIcon;
				CODE_SIGN_STYLE = Automatic;
				DEVELOPMENT_TEAM = C57X8273FC;
				INFOPLIST_FILE = MediaSampler/Info.plist;
				LD_RUNPATH_SEARCH_PATHS = (
					"$(inherited)",
					"@executable_path/Frameworks",
				);
				PRODUCT_BUNDLE_IDENTIFIER = com.mdennis.MediaSampler;
				PRODUCT_NAME = "$(TARGET_NAME)";
				SWIFT_VERSION = 5.0;
				TARGETED_DEVICE_FAMILY = "1,2";
			};
			name = Release;
		};
		F8EA7BF4228CCB320008C0C7 /* Debug */ = {
			isa = XCBuildConfiguration;
			buildSettings = {
				ALWAYS_EMBED_SWIFT_STANDARD_LIBRARIES = YES;
				BUNDLE_LOADER = "$(TEST_HOST)";
				CODE_SIGN_STYLE = Automatic;
				DEVELOPMENT_TEAM = 924B833ESM;
				INFOPLIST_FILE = MediaSamplerTests/Info.plist;
				LD_RUNPATH_SEARCH_PATHS = (
					"$(inherited)",
					"@executable_path/Frameworks",
					"@loader_path/Frameworks",
				);
				PRODUCT_BUNDLE_IDENTIFIER = com.mdennis.MediaSamplerTests;
				PRODUCT_NAME = "$(TARGET_NAME)";
				SWIFT_VERSION = 5.0;
				TARGETED_DEVICE_FAMILY = "1,2";
				TEST_HOST = "$(BUILT_PRODUCTS_DIR)/MediaSampler.app/MediaSampler";
			};
			name = Debug;
		};
		F8EA7BF5228CCB320008C0C7 /* Release */ = {
			isa = XCBuildConfiguration;
			buildSettings = {
				ALWAYS_EMBED_SWIFT_STANDARD_LIBRARIES = YES;
				BUNDLE_LOADER = "$(TEST_HOST)";
				CODE_SIGN_STYLE = Automatic;
				DEVELOPMENT_TEAM = 924B833ESM;
				INFOPLIST_FILE = MediaSamplerTests/Info.plist;
				LD_RUNPATH_SEARCH_PATHS = (
					"$(inherited)",
					"@executable_path/Frameworks",
					"@loader_path/Frameworks",
				);
				PRODUCT_BUNDLE_IDENTIFIER = com.mdennis.MediaSamplerTests;
				PRODUCT_NAME = "$(TARGET_NAME)";
				SWIFT_VERSION = 5.0;
				TARGETED_DEVICE_FAMILY = "1,2";
				TEST_HOST = "$(BUILT_PRODUCTS_DIR)/MediaSampler.app/MediaSampler";
			};
			name = Release;
		};
/* End XCBuildConfiguration section */

/* Begin XCConfigurationList section */
		F8EA7BCE228CCB320008C0C7 /* Build configuration list for PBXProject "MediaSampler" */ = {
			isa = XCConfigurationList;
			buildConfigurations = (
				F8EA7BEE228CCB320008C0C7 /* Debug */,
				F8EA7BEF228CCB320008C0C7 /* Release */,
			);
			defaultConfigurationIsVisible = 0;
			defaultConfigurationName = Release;
		};
		F8EA7BF0228CCB320008C0C7 /* Build configuration list for PBXNativeTarget "MediaSampler" */ = {
			isa = XCConfigurationList;
			buildConfigurations = (
				F8EA7BF1228CCB320008C0C7 /* Debug */,
				F8EA7BF2228CCB320008C0C7 /* Release */,
			);
			defaultConfigurationIsVisible = 0;
			defaultConfigurationName = Release;
		};
		F8EA7BF3228CCB320008C0C7 /* Build configuration list for PBXNativeTarget "MediaSamplerTests" */ = {
			isa = XCConfigurationList;
			buildConfigurations = (
				F8EA7BF4228CCB320008C0C7 /* Debug */,
				F8EA7BF5228CCB320008C0C7 /* Release */,
			);
			defaultConfigurationIsVisible = 0;
			defaultConfigurationName = Release;
		};
/* End XCConfigurationList section */
	};
	rootObject = F8EA7BCB228CCB320008C0C7 /* Project object */;
}
